
Microsoft Visual Studio Solution File, Format Version 12.00
# Visual Studio Version 16
VisualStudioVersion = 16.0.29409.12
MinimumVisualStudioVersion = 10.0.40219.1
Project("{2150E333-8FDC-42A3-9474-1A3956D46DE8}") = "01_RemotingServices", "01_RemotingServices", "{D017469B-E480-4526-9FAC-1B215F0B881A}"
EndProject
Project("{FAE04EC0-301F-11D3-BF4B-00C04F79EFBC}") = "IServices", "01_RemotingServices\IServices\IServices.csproj", "{51D3A16D-2826-4A30-9454-200A360077D4}"
EndProject
Project("{FAE04EC0-301F-11D3-BF4B-00C04F79EFBC}") = "RemotingServices", "01_RemotingServices\RemotingServices\RemotingServices.csproj", "{660AC8F3-862F-4A31-B5D8-752FC7408F13}"
EndProject
Project("{FAE04EC0-301F-11D3-BF4B-00C04F79EFBC}") = "RemotingServiceHost", "01_RemotingServices\RemotingServiceHost\RemotingServiceHost.csproj", "{DEF1346C-D773-435A-BA8E-0D78898B1257}"
EndProject
Project("{FAE04EC0-301F-11D3-BF4B-00C04F79EFBC}") = "RemotingServiceConsoleClient", "01_RemotingServices\RemotingServiceConsoleClient\RemotingServiceConsoleClient.csproj", "{974C2260-E87A-4A9B-8F0B-DBB586BCCF6D}"
EndProject
Project("{2150E333-8FDC-42A3-9474-1A3956D46DE8}") = "02_WCFServices", "02_WCFServices", "{FC698D5A-2F08-48E5-B37B-FCC253C62984}"
EndProject
Project("{FAE04EC0-301F-11D3-BF4B-00C04F79EFBC}") = "HelloService", "02_WCFServices\HelloService\HelloService.csproj", "{1CD4150E-3B8D-4103-982A-7D6E957FA1AE}"
EndProject
Project("{FAE04EC0-301F-11D3-BF4B-00C04F79EFBC}") = "HelloServiceHost", "02_WCFServices\HelloServiceHost\HelloServiceHost.csproj", "{61EFE1BC-1872-4C7B-9AAD-646BFAA0CB15}"
EndProject
Project("{FAE04EC0-301F-11D3-BF4B-00C04F79EFBC}") = "HelloServiceConsoleClient", "02_WCFServices\HelloServiceConsoleClient\HelloServiceConsoleClient.csproj", "{C3F141C9-72AE-43D4-B56B-4D1251596AA6}"
EndProject
Project("{FAE04EC0-301F-11D3-BF4B-00C04F79EFBC}") = "IServices", "02_WCFServices\IServices\IServices.csproj", "{E471250D-CFF0-47CC-ACF4-A27EE099E798}"
EndProject
Project("{2150E333-8FDC-42A3-9474-1A3956D46DE8}") = "03_MultipleServiceContracts", "03_MultipleServiceContracts", "{1271C120-0BF9-4882-BD9F-C0EBBFAC66AC}"
EndProject
Project("{FAE04EC0-301F-11D3-BF4B-00C04F79EFBC}") = "IServices", "03_MultipleServiceContracts\IServices\IServices.csproj", "{E4E7A43A-3401-4F30-8CDF-AA1397589C22}"
EndProject
Project("{FAE04EC0-301F-11D3-BF4B-00C04F79EFBC}") = "CompanyService", "03_MultipleServiceContracts\CompanyService\CompanyService.csproj", "{73243ED7-A0B7-4ECC-9F0B-3AEE39817921}"
EndProject
Project("{FAE04EC0-301F-11D3-BF4B-00C04F79EFBC}") = "CompanyServiceHost", "03_MultipleServiceContracts\CompanyServiceHost\CompanyServiceHost.csproj", "{F0711C63-6EA3-47C3-AB6D-46BB204D8DCD}"
EndProject
Project("{FAE04EC0-301F-11D3-BF4B-00C04F79EFBC}") = "CompanyServiceConsoleClient", "03_MultipleServiceContracts\CompanyServiceConsoleClient\CompanyServiceConsoleClient.csproj", "{EDC99840-D490-4A58-A14B-4CEF4DDFBCFD}"
EndProject
Project("{2150E333-8FDC-42A3-9474-1A3956D46DE8}") = "04_ChangedContract", "04_ChangedContract", "{A04306DE-3762-4572-B62D-A6E4D2E28C22}"
EndProject
Project("{FAE04EC0-301F-11D3-BF4B-00C04F79EFBC}") = "IServices", "04_ChangedContract\IServices\IServices.csproj", "{8CD59158-FD33-40D9-8105-F3E57EB7CE5D}"
EndProject
Project("{FAE04EC0-301F-11D3-BF4B-00C04F79EFBC}") = "WeatherService", "04_ChangedContract\WeatherService\WeatherService.csproj", "{D7BE6184-7370-4B89-ABE2-D5F7086D7522}"
EndProject
Project("{FAE04EC0-301F-11D3-BF4B-00C04F79EFBC}") = "WeatherServiceHost", "04_ChangedContract\WeatherServiceHost\WeatherServiceHost.csproj", "{EE26FCD0-02E6-4ADB-B17A-C0C2D7C39182}"
EndProject
Project("{FAE04EC0-301F-11D3-BF4B-00C04F79EFBC}") = "WeatherServiceConsoleClient", "04_ChangedContract\WeatherServiceConsoleClient\WeatherServiceConsoleClient.csproj", "{437EFE93-45E5-44A2-A719-A341929C12DD}"
EndProject
Project("{2150E333-8FDC-42A3-9474-1A3956D46DE8}") = "05_DataContractDataMember", "05_DataContractDataMember", "{99D7A0AB-4869-4605-9752-99D08B6E2C2E}"
EndProject
Project("{FAE04EC0-301F-11D3-BF4B-00C04F79EFBC}") = "IServices", "05_DataContractDataMember\IServices\IServices.csproj", "{3FF76F51-AB7F-4BB2-AE4F-E1A078254C24}"
EndProject
Project("{FAE04EC0-301F-11D3-BF4B-00C04F79EFBC}") = "EmployeeService", "05_DataContractDataMember\EmployeeService\EmployeeService.csproj", "{35CAEFDF-DAB6-4E01-B528-08C08B314BDA}"
EndProject
Project("{FAE04EC0-301F-11D3-BF4B-00C04F79EFBC}") = "EmployeeServiceHost", "05_DataContractDataMember\EmployeeServiceHost\EmployeeServiceHost.csproj", "{12054480-5FC6-4CF7-A8B9-CE9118E0C888}"
EndProject
Project("{FAE04EC0-301F-11D3-BF4B-00C04F79EFBC}") = "Models", "05_DataContractDataMember\Models\Models.csproj", "{71B7E288-A771-412F-AFE7-56659980B169}"
EndProject
Project("{FAE04EC0-301F-11D3-BF4B-00C04F79EFBC}") = "EmployeeServiceConsoleClient", "05_DataContractDataMember\EmployeeServiceConsoleClient\EmployeeServiceConsoleClient.csproj", "{612745E2-3A42-422A-AFB8-330DCA5700BC}"
EndProject
Project("{2150E333-8FDC-42A3-9474-1A3956D46DE8}") = "06_MessageContract", "06_MessageContract", "{B07C4B18-8C8B-4872-B09E-5D70C4999FA1}"
EndProject
Project("{FAE04EC0-301F-11D3-BF4B-00C04F79EFBC}") = "IServices", "06_MessageContract\IServices\IServices.csproj", "{AA9293E5-3F24-4490-88A6-BAE6C23ED4D4}"
EndProject
Project("{FAE04EC0-301F-11D3-BF4B-00C04F79EFBC}") = "EmployeeServiceHost", "06_MessageContract\EmployeeServiceHost\EmployeeServiceHost.csproj", "{4DEA5AC7-B85B-4D11-84D0-0CA4ED913CE4}"
EndProject
Project("{FAE04EC0-301F-11D3-BF4B-00C04F79EFBC}") = "EmployeeService", "06_MessageContract\EmployeeService\EmployeeService.csproj", "{95A30281-ECC4-4E60-9E5F-C9163067D56D}"
EndProject
Project("{FAE04EC0-301F-11D3-BF4B-00C04F79EFBC}") = "EmployeeServiceConsoleClient", "06_MessageContract\EmployeeServiceConsoleClient\EmployeeServiceConsoleClient.csproj", "{D0B1110A-0A1E-4ED4-B3AD-25DEEAEFC7B3}"
EndProject
Project("{2150E333-8FDC-42A3-9474-1A3956D46DE8}") = "07_ExceptionHandling", "07_ExceptionHandling", "{CE74E717-77B4-41BE-BF40-6F41764A041A}"
EndProject
Project("{FAE04EC0-301F-11D3-BF4B-00C04F79EFBC}") = "IServices", "07_ExceptionHandling\IServices\IServices.csproj", "{C7FA3E4C-F32F-4FDA-849C-E81327DFB4A4}"
EndProject
Project("{FAE04EC0-301F-11D3-BF4B-00C04F79EFBC}") = "CalculatorService", "07_ExceptionHandling\CalculatorService\CalculatorService.csproj", "{EC475C3E-B477-4F62-A8FD-04020176F48F}"
EndProject
Project("{FAE04EC0-301F-11D3-BF4B-00C04F79EFBC}") = "CalculatorServiceHost", "07_ExceptionHandling\CalculatorServiceHost\CalculatorServiceHost.csproj", "{85407E76-519F-4399-8A8D-EE7D67740C98}"
EndProject
Project("{FAE04EC0-301F-11D3-BF4B-00C04F79EFBC}") = "CalculatorServiceConsoleClient", "07_ExceptionHandling\CalculatorServiceConsoleClient\CalculatorServiceConsoleClient.csproj", "{2C33AD3E-1311-4766-B17B-7FB97F6B145A}"
EndProject
Project("{2150E333-8FDC-42A3-9474-1A3956D46DE8}") = "08_FullDuplex", "08_FullDuplex", "{4287B07F-7F27-472E-B88D-0975C48CBD89}"
EndProject
Project("{FAE04EC0-301F-11D3-BF4B-00C04F79EFBC}") = "IServices", "08_FullDuplex\IServices\IServices.csproj", "{C4D0215C-B31D-4739-AF75-571EE61DAE9E}"
EndProject
Project("{FAE04EC0-301F-11D3-BF4B-00C04F79EFBC}") = "ChatService", "08_FullDuplex\ChatService\ChatService.csproj", "{2C7983D2-80EB-4EFA-A654-616E47D1B56C}"
EndProject
Project("{FAE04EC0-301F-11D3-BF4B-00C04F79EFBC}") = "ChatServiceHost", "08_FullDuplex\ChatServiceHost\ChatServiceHost.csproj", "{BE519711-4347-476C-8012-40FB8AC43C32}"
EndProject
Project("{FAE04EC0-301F-11D3-BF4B-00C04F79EFBC}") = "ChatServiceConsoleClient", "08_FullDuplex\ChatServiceConsoleClient\ChatServiceConsoleClient.csproj", "{038760BE-A154-4B65-8B49-DE138EDCB05D}"
EndProject
Project("{2150E333-8FDC-42A3-9474-1A3956D46DE8}") = "09_RestApi", "09_RestApi", "{495A4A57-C846-4F18-AEB0-08FD06DC67F7}"
EndProject
Project("{FAE04EC0-301F-11D3-BF4B-00C04F79EFBC}") = "IServices", "09_RestApi\IServices\IServices.csproj", "{130B7404-C041-4843-BA03-5ADE838EF059}"
EndProject
Global
	GlobalSection(SolutionConfigurationPlatforms) = preSolution
		Debug|Any CPU = Debug|Any CPU
		Release|Any CPU = Release|Any CPU
	EndGlobalSection
	GlobalSection(ProjectConfigurationPlatforms) = postSolution
		{51D3A16D-2826-4A30-9454-200A360077D4}.Debug|Any CPU.ActiveCfg = Debug|Any CPU
		{51D3A16D-2826-4A30-9454-200A360077D4}.Debug|Any CPU.Build.0 = Debug|Any CPU
		{51D3A16D-2826-4A30-9454-200A360077D4}.Release|Any CPU.ActiveCfg = Release|Any CPU
		{51D3A16D-2826-4A30-9454-200A360077D4}.Release|Any CPU.Build.0 = Release|Any CPU
		{660AC8F3-862F-4A31-B5D8-752FC7408F13}.Debug|Any CPU.ActiveCfg = Debug|Any CPU
		{660AC8F3-862F-4A31-B5D8-752FC7408F13}.Debug|Any CPU.Build.0 = Debug|Any CPU
		{660AC8F3-862F-4A31-B5D8-752FC7408F13}.Release|Any CPU.ActiveCfg = Release|Any CPU
		{660AC8F3-862F-4A31-B5D8-752FC7408F13}.Release|Any CPU.Build.0 = Release|Any CPU
		{DEF1346C-D773-435A-BA8E-0D78898B1257}.Debug|Any CPU.ActiveCfg = Debug|Any CPU
		{DEF1346C-D773-435A-BA8E-0D78898B1257}.Debug|Any CPU.Build.0 = Debug|Any CPU
		{DEF1346C-D773-435A-BA8E-0D78898B1257}.Release|Any CPU.ActiveCfg = Release|Any CPU
		{DEF1346C-D773-435A-BA8E-0D78898B1257}.Release|Any CPU.Build.0 = Release|Any CPU
		{974C2260-E87A-4A9B-8F0B-DBB586BCCF6D}.Debug|Any CPU.ActiveCfg = Debug|Any CPU
		{974C2260-E87A-4A9B-8F0B-DBB586BCCF6D}.Debug|Any CPU.Build.0 = Debug|Any CPU
		{974C2260-E87A-4A9B-8F0B-DBB586BCCF6D}.Release|Any CPU.ActiveCfg = Release|Any CPU
		{974C2260-E87A-4A9B-8F0B-DBB586BCCF6D}.Release|Any CPU.Build.0 = Release|Any CPU
		{1CD4150E-3B8D-4103-982A-7D6E957FA1AE}.Debug|Any CPU.ActiveCfg = Debug|Any CPU
		{1CD4150E-3B8D-4103-982A-7D6E957FA1AE}.Debug|Any CPU.Build.0 = Debug|Any CPU
		{1CD4150E-3B8D-4103-982A-7D6E957FA1AE}.Release|Any CPU.ActiveCfg = Release|Any CPU
		{1CD4150E-3B8D-4103-982A-7D6E957FA1AE}.Release|Any CPU.Build.0 = Release|Any CPU
		{61EFE1BC-1872-4C7B-9AAD-646BFAA0CB15}.Debug|Any CPU.ActiveCfg = Debug|Any CPU
		{61EFE1BC-1872-4C7B-9AAD-646BFAA0CB15}.Debug|Any CPU.Build.0 = Debug|Any CPU
		{61EFE1BC-1872-4C7B-9AAD-646BFAA0CB15}.Release|Any CPU.ActiveCfg = Release|Any CPU
		{61EFE1BC-1872-4C7B-9AAD-646BFAA0CB15}.Release|Any CPU.Build.0 = Release|Any CPU
		{C3F141C9-72AE-43D4-B56B-4D1251596AA6}.Debug|Any CPU.ActiveCfg = Debug|Any CPU
		{C3F141C9-72AE-43D4-B56B-4D1251596AA6}.Debug|Any CPU.Build.0 = Debug|Any CPU
		{C3F141C9-72AE-43D4-B56B-4D1251596AA6}.Release|Any CPU.ActiveCfg = Release|Any CPU
		{C3F141C9-72AE-43D4-B56B-4D1251596AA6}.Release|Any CPU.Build.0 = Release|Any CPU
		{E471250D-CFF0-47CC-ACF4-A27EE099E798}.Debug|Any CPU.ActiveCfg = Debug|Any CPU
		{E471250D-CFF0-47CC-ACF4-A27EE099E798}.Debug|Any CPU.Build.0 = Debug|Any CPU
		{E471250D-CFF0-47CC-ACF4-A27EE099E798}.Release|Any CPU.ActiveCfg = Release|Any CPU
		{E471250D-CFF0-47CC-ACF4-A27EE099E798}.Release|Any CPU.Build.0 = Release|Any CPU
		{E4E7A43A-3401-4F30-8CDF-AA1397589C22}.Debug|Any CPU.ActiveCfg = Debug|Any CPU
		{E4E7A43A-3401-4F30-8CDF-AA1397589C22}.Debug|Any CPU.Build.0 = Debug|Any CPU
		{E4E7A43A-3401-4F30-8CDF-AA1397589C22}.Release|Any CPU.ActiveCfg = Release|Any CPU
		{E4E7A43A-3401-4F30-8CDF-AA1397589C22}.Release|Any CPU.Build.0 = Release|Any CPU
		{73243ED7-A0B7-4ECC-9F0B-3AEE39817921}.Debug|Any CPU.ActiveCfg = Debug|Any CPU
		{73243ED7-A0B7-4ECC-9F0B-3AEE39817921}.Debug|Any CPU.Build.0 = Debug|Any CPU
		{73243ED7-A0B7-4ECC-9F0B-3AEE39817921}.Release|Any CPU.ActiveCfg = Release|Any CPU
		{73243ED7-A0B7-4ECC-9F0B-3AEE39817921}.Release|Any CPU.Build.0 = Release|Any CPU
		{F0711C63-6EA3-47C3-AB6D-46BB204D8DCD}.Debug|Any CPU.ActiveCfg = Debug|Any CPU
		{F0711C63-6EA3-47C3-AB6D-46BB204D8DCD}.Debug|Any CPU.Build.0 = Debug|Any CPU
		{F0711C63-6EA3-47C3-AB6D-46BB204D8DCD}.Release|Any CPU.ActiveCfg = Release|Any CPU
		{F0711C63-6EA3-47C3-AB6D-46BB204D8DCD}.Release|Any CPU.Build.0 = Release|Any CPU
		{EDC99840-D490-4A58-A14B-4CEF4DDFBCFD}.Debug|Any CPU.ActiveCfg = Debug|Any CPU
		{EDC99840-D490-4A58-A14B-4CEF4DDFBCFD}.Debug|Any CPU.Build.0 = Debug|Any CPU
		{EDC99840-D490-4A58-A14B-4CEF4DDFBCFD}.Release|Any CPU.ActiveCfg = Release|Any CPU
		{EDC99840-D490-4A58-A14B-4CEF4DDFBCFD}.Release|Any CPU.Build.0 = Release|Any CPU
		{8CD59158-FD33-40D9-8105-F3E57EB7CE5D}.Debug|Any CPU.ActiveCfg = Debug|Any CPU
		{8CD59158-FD33-40D9-8105-F3E57EB7CE5D}.Debug|Any CPU.Build.0 = Debug|Any CPU
		{8CD59158-FD33-40D9-8105-F3E57EB7CE5D}.Release|Any CPU.ActiveCfg = Release|Any CPU
		{8CD59158-FD33-40D9-8105-F3E57EB7CE5D}.Release|Any CPU.Build.0 = Release|Any CPU
		{D7BE6184-7370-4B89-ABE2-D5F7086D7522}.Debug|Any CPU.ActiveCfg = Debug|Any CPU
		{D7BE6184-7370-4B89-ABE2-D5F7086D7522}.Debug|Any CPU.Build.0 = Debug|Any CPU
		{D7BE6184-7370-4B89-ABE2-D5F7086D7522}.Release|Any CPU.ActiveCfg = Release|Any CPU
		{D7BE6184-7370-4B89-ABE2-D5F7086D7522}.Release|Any CPU.Build.0 = Release|Any CPU
		{EE26FCD0-02E6-4ADB-B17A-C0C2D7C39182}.Debug|Any CPU.ActiveCfg = Debug|Any CPU
		{EE26FCD0-02E6-4ADB-B17A-C0C2D7C39182}.Debug|Any CPU.Build.0 = Debug|Any CPU
		{EE26FCD0-02E6-4ADB-B17A-C0C2D7C39182}.Release|Any CPU.ActiveCfg = Release|Any CPU
		{EE26FCD0-02E6-4ADB-B17A-C0C2D7C39182}.Release|Any CPU.Build.0 = Release|Any CPU
		{437EFE93-45E5-44A2-A719-A341929C12DD}.Debug|Any CPU.ActiveCfg = Debug|Any CPU
		{437EFE93-45E5-44A2-A719-A341929C12DD}.Debug|Any CPU.Build.0 = Debug|Any CPU
		{437EFE93-45E5-44A2-A719-A341929C12DD}.Release|Any CPU.ActiveCfg = Release|Any CPU
		{437EFE93-45E5-44A2-A719-A341929C12DD}.Release|Any CPU.Build.0 = Release|Any CPU
		{3FF76F51-AB7F-4BB2-AE4F-E1A078254C24}.Debug|Any CPU.ActiveCfg = Debug|Any CPU
		{3FF76F51-AB7F-4BB2-AE4F-E1A078254C24}.Debug|Any CPU.Build.0 = Debug|Any CPU
		{3FF76F51-AB7F-4BB2-AE4F-E1A078254C24}.Release|Any CPU.ActiveCfg = Release|Any CPU
		{3FF76F51-AB7F-4BB2-AE4F-E1A078254C24}.Release|Any CPU.Build.0 = Release|Any CPU
		{35CAEFDF-DAB6-4E01-B528-08C08B314BDA}.Debug|Any CPU.ActiveCfg = Debug|Any CPU
		{35CAEFDF-DAB6-4E01-B528-08C08B314BDA}.Debug|Any CPU.Build.0 = Debug|Any CPU
		{35CAEFDF-DAB6-4E01-B528-08C08B314BDA}.Release|Any CPU.ActiveCfg = Release|Any CPU
		{35CAEFDF-DAB6-4E01-B528-08C08B314BDA}.Release|Any CPU.Build.0 = Release|Any CPU
		{12054480-5FC6-4CF7-A8B9-CE9118E0C888}.Debug|Any CPU.ActiveCfg = Debug|Any CPU
		{12054480-5FC6-4CF7-A8B9-CE9118E0C888}.Debug|Any CPU.Build.0 = Debug|Any CPU
		{12054480-5FC6-4CF7-A8B9-CE9118E0C888}.Release|Any CPU.ActiveCfg = Release|Any CPU
		{12054480-5FC6-4CF7-A8B9-CE9118E0C888}.Release|Any CPU.Build.0 = Release|Any CPU
		{71B7E288-A771-412F-AFE7-56659980B169}.Debug|Any CPU.ActiveCfg = Debug|Any CPU
		{71B7E288-A771-412F-AFE7-56659980B169}.Debug|Any CPU.Build.0 = Debug|Any CPU
		{71B7E288-A771-412F-AFE7-56659980B169}.Release|Any CPU.ActiveCfg = Release|Any CPU
		{71B7E288-A771-412F-AFE7-56659980B169}.Release|Any CPU.Build.0 = Release|Any CPU
		{612745E2-3A42-422A-AFB8-330DCA5700BC}.Debug|Any CPU.ActiveCfg = Debug|Any CPU
		{612745E2-3A42-422A-AFB8-330DCA5700BC}.Debug|Any CPU.Build.0 = Debug|Any CPU
		{612745E2-3A42-422A-AFB8-330DCA5700BC}.Release|Any CPU.ActiveCfg = Release|Any CPU
		{612745E2-3A42-422A-AFB8-330DCA5700BC}.Release|Any CPU.Build.0 = Release|Any CPU
		{AA9293E5-3F24-4490-88A6-BAE6C23ED4D4}.Debug|Any CPU.ActiveCfg = Debug|Any CPU
		{AA9293E5-3F24-4490-88A6-BAE6C23ED4D4}.Debug|Any CPU.Build.0 = Debug|Any CPU
		{AA9293E5-3F24-4490-88A6-BAE6C23ED4D4}.Release|Any CPU.ActiveCfg = Release|Any CPU
		{AA9293E5-3F24-4490-88A6-BAE6C23ED4D4}.Release|Any CPU.Build.0 = Release|Any CPU
		{4DEA5AC7-B85B-4D11-84D0-0CA4ED913CE4}.Debug|Any CPU.ActiveCfg = Debug|Any CPU
		{4DEA5AC7-B85B-4D11-84D0-0CA4ED913CE4}.Debug|Any CPU.Build.0 = Debug|Any CPU
		{4DEA5AC7-B85B-4D11-84D0-0CA4ED913CE4}.Release|Any CPU.ActiveCfg = Release|Any CPU
		{4DEA5AC7-B85B-4D11-84D0-0CA4ED913CE4}.Release|Any CPU.Build.0 = Release|Any CPU
		{95A30281-ECC4-4E60-9E5F-C9163067D56D}.Debug|Any CPU.ActiveCfg = Debug|Any CPU
		{95A30281-ECC4-4E60-9E5F-C9163067D56D}.Debug|Any CPU.Build.0 = Debug|Any CPU
		{95A30281-ECC4-4E60-9E5F-C9163067D56D}.Release|Any CPU.ActiveCfg = Release|Any CPU
		{95A30281-ECC4-4E60-9E5F-C9163067D56D}.Release|Any CPU.Build.0 = Release|Any CPU
		{D0B1110A-0A1E-4ED4-B3AD-25DEEAEFC7B3}.Debug|Any CPU.ActiveCfg = Debug|Any CPU
		{D0B1110A-0A1E-4ED4-B3AD-25DEEAEFC7B3}.Debug|Any CPU.Build.0 = Debug|Any CPU
		{D0B1110A-0A1E-4ED4-B3AD-25DEEAEFC7B3}.Release|Any CPU.ActiveCfg = Release|Any CPU
		{D0B1110A-0A1E-4ED4-B3AD-25DEEAEFC7B3}.Release|Any CPU.Build.0 = Release|Any CPU
		{C7FA3E4C-F32F-4FDA-849C-E81327DFB4A4}.Debug|Any CPU.ActiveCfg = Debug|Any CPU
		{C7FA3E4C-F32F-4FDA-849C-E81327DFB4A4}.Debug|Any CPU.Build.0 = Debug|Any CPU
		{C7FA3E4C-F32F-4FDA-849C-E81327DFB4A4}.Release|Any CPU.ActiveCfg = Release|Any CPU
		{C7FA3E4C-F32F-4FDA-849C-E81327DFB4A4}.Release|Any CPU.Build.0 = Release|Any CPU
		{EC475C3E-B477-4F62-A8FD-04020176F48F}.Debug|Any CPU.ActiveCfg = Debug|Any CPU
		{EC475C3E-B477-4F62-A8FD-04020176F48F}.Debug|Any CPU.Build.0 = Debug|Any CPU
		{EC475C3E-B477-4F62-A8FD-04020176F48F}.Release|Any CPU.ActiveCfg = Release|Any CPU
		{EC475C3E-B477-4F62-A8FD-04020176F48F}.Release|Any CPU.Build.0 = Release|Any CPU
		{85407E76-519F-4399-8A8D-EE7D67740C98}.Debug|Any CPU.ActiveCfg = Debug|Any CPU
		{85407E76-519F-4399-8A8D-EE7D67740C98}.Debug|Any CPU.Build.0 = Debug|Any CPU
		{85407E76-519F-4399-8A8D-EE7D67740C98}.Release|Any CPU.ActiveCfg = Release|Any CPU
		{85407E76-519F-4399-8A8D-EE7D67740C98}.Release|Any CPU.Build.0 = Release|Any CPU
		{2C33AD3E-1311-4766-B17B-7FB97F6B145A}.Debug|Any CPU.ActiveCfg = Debug|Any CPU
		{2C33AD3E-1311-4766-B17B-7FB97F6B145A}.Debug|Any CPU.Build.0 = Debug|Any CPU
		{2C33AD3E-1311-4766-B17B-7FB97F6B145A}.Release|Any CPU.ActiveCfg = Release|Any CPU
		{2C33AD3E-1311-4766-B17B-7FB97F6B145A}.Release|Any CPU.Build.0 = Release|Any CPU
		{C4D0215C-B31D-4739-AF75-571EE61DAE9E}.Debug|Any CPU.ActiveCfg = Debug|Any CPU
		{C4D0215C-B31D-4739-AF75-571EE61DAE9E}.Debug|Any CPU.Build.0 = Debug|Any CPU
		{C4D0215C-B31D-4739-AF75-571EE61DAE9E}.Release|Any CPU.ActiveCfg = Release|Any CPU
		{C4D0215C-B31D-4739-AF75-571EE61DAE9E}.Release|Any CPU.Build.0 = Release|Any CPU
		{2C7983D2-80EB-4EFA-A654-616E47D1B56C}.Debug|Any CPU.ActiveCfg = Debug|Any CPU
		{2C7983D2-80EB-4EFA-A654-616E47D1B56C}.Debug|Any CPU.Build.0 = Debug|Any CPU
		{2C7983D2-80EB-4EFA-A654-616E47D1B56C}.Release|Any CPU.ActiveCfg = Release|Any CPU
		{2C7983D2-80EB-4EFA-A654-616E47D1B56C}.Release|Any CPU.Build.0 = Release|Any CPU
		{BE519711-4347-476C-8012-40FB8AC43C32}.Debug|Any CPU.ActiveCfg = Debug|Any CPU
		{BE519711-4347-476C-8012-40FB8AC43C32}.Debug|Any CPU.Build.0 = Debug|Any CPU
		{BE519711-4347-476C-8012-40FB8AC43C32}.Release|Any CPU.ActiveCfg = Release|Any CPU
		{BE519711-4347-476C-8012-40FB8AC43C32}.Release|Any CPU.Build.0 = Release|Any CPU
		{038760BE-A154-4B65-8B49-DE138EDCB05D}.Debug|Any CPU.ActiveCfg = Debug|Any CPU
		{038760BE-A154-4B65-8B49-DE138EDCB05D}.Debug|Any CPU.Build.0 = Debug|Any CPU
		{038760BE-A154-4B65-8B49-DE138EDCB05D}.Release|Any CPU.ActiveCfg = Release|Any CPU
		{038760BE-A154-4B65-8B49-DE138EDCB05D}.Release|Any CPU.Build.0 = Release|Any CPU
		{130B7404-C041-4843-BA03-5ADE838EF059}.Debug|Any CPU.ActiveCfg = Debug|Any CPU
		{130B7404-C041-4843-BA03-5ADE838EF059}.Debug|Any CPU.Build.0 = Debug|Any CPU
		{130B7404-C041-4843-BA03-5ADE838EF059}.Release|Any CPU.ActiveCfg = Release|Any CPU
		{130B7404-C041-4843-BA03-5ADE838EF059}.Release|Any CPU.Build.0 = Release|Any CPU
	EndGlobalSection
	GlobalSection(SolutionProperties) = preSolution
		HideSolutionNode = FALSE
	EndGlobalSection
	GlobalSection(NestedProjects) = preSolution
		{51D3A16D-2826-4A30-9454-200A360077D4} = {D017469B-E480-4526-9FAC-1B215F0B881A}
		{660AC8F3-862F-4A31-B5D8-752FC7408F13} = {D017469B-E480-4526-9FAC-1B215F0B881A}
		{DEF1346C-D773-435A-BA8E-0D78898B1257} = {D017469B-E480-4526-9FAC-1B215F0B881A}
		{974C2260-E87A-4A9B-8F0B-DBB586BCCF6D} = {D017469B-E480-4526-9FAC-1B215F0B881A}
		{1CD4150E-3B8D-4103-982A-7D6E957FA1AE} = {FC698D5A-2F08-48E5-B37B-FCC253C62984}
		{61EFE1BC-1872-4C7B-9AAD-646BFAA0CB15} = {FC698D5A-2F08-48E5-B37B-FCC253C62984}
		{C3F141C9-72AE-43D4-B56B-4D1251596AA6} = {FC698D5A-2F08-48E5-B37B-FCC253C62984}
		{E471250D-CFF0-47CC-ACF4-A27EE099E798} = {FC698D5A-2F08-48E5-B37B-FCC253C62984}
		{E4E7A43A-3401-4F30-8CDF-AA1397589C22} = {1271C120-0BF9-4882-BD9F-C0EBBFAC66AC}
		{73243ED7-A0B7-4ECC-9F0B-3AEE39817921} = {1271C120-0BF9-4882-BD9F-C0EBBFAC66AC}
		{F0711C63-6EA3-47C3-AB6D-46BB204D8DCD} = {1271C120-0BF9-4882-BD9F-C0EBBFAC66AC}
		{EDC99840-D490-4A58-A14B-4CEF4DDFBCFD} = {1271C120-0BF9-4882-BD9F-C0EBBFAC66AC}
		{8CD59158-FD33-40D9-8105-F3E57EB7CE5D} = {A04306DE-3762-4572-B62D-A6E4D2E28C22}
		{D7BE6184-7370-4B89-ABE2-D5F7086D7522} = {A04306DE-3762-4572-B62D-A6E4D2E28C22}
		{EE26FCD0-02E6-4ADB-B17A-C0C2D7C39182} = {A04306DE-3762-4572-B62D-A6E4D2E28C22}
		{437EFE93-45E5-44A2-A719-A341929C12DD} = {A04306DE-3762-4572-B62D-A6E4D2E28C22}
		{3FF76F51-AB7F-4BB2-AE4F-E1A078254C24} = {99D7A0AB-4869-4605-9752-99D08B6E2C2E}
		{35CAEFDF-DAB6-4E01-B528-08C08B314BDA} = {99D7A0AB-4869-4605-9752-99D08B6E2C2E}
		{12054480-5FC6-4CF7-A8B9-CE9118E0C888} = {99D7A0AB-4869-4605-9752-99D08B6E2C2E}
		{71B7E288-A771-412F-AFE7-56659980B169} = {99D7A0AB-4869-4605-9752-99D08B6E2C2E}
		{612745E2-3A42-422A-AFB8-330DCA5700BC} = {99D7A0AB-4869-4605-9752-99D08B6E2C2E}
		{AA9293E5-3F24-4490-88A6-BAE6C23ED4D4} = {B07C4B18-8C8B-4872-B09E-5D70C4999FA1}
		{4DEA5AC7-B85B-4D11-84D0-0CA4ED913CE4} = {B07C4B18-8C8B-4872-B09E-5D70C4999FA1}
		{95A30281-ECC4-4E60-9E5F-C9163067D56D} = {B07C4B18-8C8B-4872-B09E-5D70C4999FA1}
		{D0B1110A-0A1E-4ED4-B3AD-25DEEAEFC7B3} = {B07C4B18-8C8B-4872-B09E-5D70C4999FA1}
		{C7FA3E4C-F32F-4FDA-849C-E81327DFB4A4} = {CE74E717-77B4-41BE-BF40-6F41764A041A}
		{EC475C3E-B477-4F62-A8FD-04020176F48F} = {CE74E717-77B4-41BE-BF40-6F41764A041A}
		{85407E76-519F-4399-8A8D-EE7D67740C98} = {CE74E717-77B4-41BE-BF40-6F41764A041A}
		{2C33AD3E-1311-4766-B17B-7FB97F6B145A} = {CE74E717-77B4-41BE-BF40-6F41764A041A}
		{C4D0215C-B31D-4739-AF75-571EE61DAE9E} = {4287B07F-7F27-472E-B88D-0975C48CBD89}
		{2C7983D2-80EB-4EFA-A654-616E47D1B56C} = {4287B07F-7F27-472E-B88D-0975C48CBD89}
		{BE519711-4347-476C-8012-40FB8AC43C32} = {4287B07F-7F27-472E-B88D-0975C48CBD89}
		{038760BE-A154-4B65-8B49-DE138EDCB05D} = {4287B07F-7F27-472E-B88D-0975C48CBD89}
		{130B7404-C041-4843-BA03-5ADE838EF059} = {495A4A57-C846-4F18-AEB0-08FD06DC67F7}
	EndGlobalSection
	GlobalSection(ExtensibilityGlobals) = postSolution
		SolutionGuid = {8042A11F-5493-4B3E-903F-6AF415D85D7E}
	EndGlobalSection
EndGlobal
