
Microsoft Visual Studio Solution File, Format Version 12.00
# Visual Studio Version 16
VisualStudioVersion = 16.0.29409.12
MinimumVisualStudioVersion = 10.0.40219.1
Project("{2150E333-8FDC-42A3-9474-1A3956D46DE8}") = "01_RemotingServices", "01_RemotingServices", "{D017469B-E480-4526-9FAC-1B215F0B881A}"
EndProject
Project("{FAE04EC0-301F-11D3-BF4B-00C04F79EFBC}") = "IServices", "01_RemotingServices\IServices\IServices.csproj", "{51D3A16D-2826-4A30-9454-200A360077D4}"
EndProject
Project("{FAE04EC0-301F-11D3-BF4B-00C04F79EFBC}") = "RemotingServices", "01_RemotingServices\RemotingServices\RemotingServices.csproj", "{660AC8F3-862F-4A31-B5D8-752FC7408F13}"
EndProject
Project("{FAE04EC0-301F-11D3-BF4B-00C04F79EFBC}") = "RemotingServiceHost", "01_RemotingServices\RemotingServiceHost\RemotingServiceHost.csproj", "{DEF1346C-D773-435A-BA8E-0D78898B1257}"
EndProject
Project("{FAE04EC0-301F-11D3-BF4B-00C04F79EFBC}") = "RemotingServiceConsoleClient", "01_RemotingServices\RemotingServiceConsoleClient\RemotingServiceConsoleClient.csproj", "{974C2260-E87A-4A9B-8F0B-DBB586BCCF6D}"
EndProject
Project("{2150E333-8FDC-42A3-9474-1A3956D46DE8}") = "02_WCFServices", "02_WCFServices", "{FC698D5A-2F08-48E5-B37B-FCC253C62984}"
EndProject
Project("{FAE04EC0-301F-11D3-BF4B-00C04F79EFBC}") = "HelloService", "02_WCFServices\HelloService\HelloService.csproj", "{1CD4150E-3B8D-4103-982A-7D6E957FA1AE}"
EndProject
Project("{FAE04EC0-301F-11D3-BF4B-00C04F79EFBC}") = "HelloServiceHost", "02_WCFServices\HelloServiceHost\HelloServiceHost.csproj", "{61EFE1BC-1872-4C7B-9AAD-646BFAA0CB15}"
EndProject
Project("{FAE04EC0-301F-11D3-BF4B-00C04F79EFBC}") = "HelloServiceConsoleClient", "02_WCFServices\HelloServiceConsoleClient\HelloServiceConsoleClient.csproj", "{C3F141C9-72AE-43D4-B56B-4D1251596AA6}"
EndProject
Project("{FAE04EC0-301F-11D3-BF4B-00C04F79EFBC}") = "IServices", "02_WCFServices\IServices\IServices.csproj", "{E471250D-CFF0-47CC-ACF4-A27EE099E798}"
EndProject
Global
	GlobalSection(SolutionConfigurationPlatforms) = preSolution
		Debug|Any CPU = Debug|Any CPU
		Release|Any CPU = Release|Any CPU
	EndGlobalSection
	GlobalSection(ProjectConfigurationPlatforms) = postSolution
		{51D3A16D-2826-4A30-9454-200A360077D4}.Debug|Any CPU.ActiveCfg = Debug|Any CPU
		{51D3A16D-2826-4A30-9454-200A360077D4}.Debug|Any CPU.Build.0 = Debug|Any CPU
		{51D3A16D-2826-4A30-9454-200A360077D4}.Release|Any CPU.ActiveCfg = Release|Any CPU
		{51D3A16D-2826-4A30-9454-200A360077D4}.Release|Any CPU.Build.0 = Release|Any CPU
		{660AC8F3-862F-4A31-B5D8-752FC7408F13}.Debug|Any CPU.ActiveCfg = Debug|Any CPU
		{660AC8F3-862F-4A31-B5D8-752FC7408F13}.Debug|Any CPU.Build.0 = Debug|Any CPU
		{660AC8F3-862F-4A31-B5D8-752FC7408F13}.Release|Any CPU.ActiveCfg = Release|Any CPU
		{660AC8F3-862F-4A31-B5D8-752FC7408F13}.Release|Any CPU.Build.0 = Release|Any CPU
		{DEF1346C-D773-435A-BA8E-0D78898B1257}.Debug|Any CPU.ActiveCfg = Debug|Any CPU
		{DEF1346C-D773-435A-BA8E-0D78898B1257}.Debug|Any CPU.Build.0 = Debug|Any CPU
		{DEF1346C-D773-435A-BA8E-0D78898B1257}.Release|Any CPU.ActiveCfg = Release|Any CPU
		{DEF1346C-D773-435A-BA8E-0D78898B1257}.Release|Any CPU.Build.0 = Release|Any CPU
		{974C2260-E87A-4A9B-8F0B-DBB586BCCF6D}.Debug|Any CPU.ActiveCfg = Debug|Any CPU
		{974C2260-E87A-4A9B-8F0B-DBB586BCCF6D}.Debug|Any CPU.Build.0 = Debug|Any CPU
		{974C2260-E87A-4A9B-8F0B-DBB586BCCF6D}.Release|Any CPU.ActiveCfg = Release|Any CPU
		{974C2260-E87A-4A9B-8F0B-DBB586BCCF6D}.Release|Any CPU.Build.0 = Release|Any CPU
		{1CD4150E-3B8D-4103-982A-7D6E957FA1AE}.Debug|Any CPU.ActiveCfg = Debug|Any CPU
		{1CD4150E-3B8D-4103-982A-7D6E957FA1AE}.Debug|Any CPU.Build.0 = Debug|Any CPU
		{1CD4150E-3B8D-4103-982A-7D6E957FA1AE}.Release|Any CPU.ActiveCfg = Release|Any CPU
		{1CD4150E-3B8D-4103-982A-7D6E957FA1AE}.Release|Any CPU.Build.0 = Release|Any CPU
		{61EFE1BC-1872-4C7B-9AAD-646BFAA0CB15}.Debug|Any CPU.ActiveCfg = Debug|Any CPU
		{61EFE1BC-1872-4C7B-9AAD-646BFAA0CB15}.Debug|Any CPU.Build.0 = Debug|Any CPU
		{61EFE1BC-1872-4C7B-9AAD-646BFAA0CB15}.Release|Any CPU.ActiveCfg = Release|Any CPU
		{61EFE1BC-1872-4C7B-9AAD-646BFAA0CB15}.Release|Any CPU.Build.0 = Release|Any CPU
		{C3F141C9-72AE-43D4-B56B-4D1251596AA6}.Debug|Any CPU.ActiveCfg = Debug|Any CPU
		{C3F141C9-72AE-43D4-B56B-4D1251596AA6}.Debug|Any CPU.Build.0 = Debug|Any CPU
		{C3F141C9-72AE-43D4-B56B-4D1251596AA6}.Release|Any CPU.ActiveCfg = Release|Any CPU
		{C3F141C9-72AE-43D4-B56B-4D1251596AA6}.Release|Any CPU.Build.0 = Release|Any CPU
		{E471250D-CFF0-47CC-ACF4-A27EE099E798}.Debug|Any CPU.ActiveCfg = Debug|Any CPU
		{E471250D-CFF0-47CC-ACF4-A27EE099E798}.Debug|Any CPU.Build.0 = Debug|Any CPU
		{E471250D-CFF0-47CC-ACF4-A27EE099E798}.Release|Any CPU.ActiveCfg = Release|Any CPU
		{E471250D-CFF0-47CC-ACF4-A27EE099E798}.Release|Any CPU.Build.0 = Release|Any CPU
	EndGlobalSection
	GlobalSection(SolutionProperties) = preSolution
		HideSolutionNode = FALSE
	EndGlobalSection
	GlobalSection(NestedProjects) = preSolution
		{51D3A16D-2826-4A30-9454-200A360077D4} = {D017469B-E480-4526-9FAC-1B215F0B881A}
		{660AC8F3-862F-4A31-B5D8-752FC7408F13} = {D017469B-E480-4526-9FAC-1B215F0B881A}
		{DEF1346C-D773-435A-BA8E-0D78898B1257} = {D017469B-E480-4526-9FAC-1B215F0B881A}
		{974C2260-E87A-4A9B-8F0B-DBB586BCCF6D} = {D017469B-E480-4526-9FAC-1B215F0B881A}
		{1CD4150E-3B8D-4103-982A-7D6E957FA1AE} = {FC698D5A-2F08-48E5-B37B-FCC253C62984}
		{61EFE1BC-1872-4C7B-9AAD-646BFAA0CB15} = {FC698D5A-2F08-48E5-B37B-FCC253C62984}
		{C3F141C9-72AE-43D4-B56B-4D1251596AA6} = {FC698D5A-2F08-48E5-B37B-FCC253C62984}
		{E471250D-CFF0-47CC-ACF4-A27EE099E798} = {FC698D5A-2F08-48E5-B37B-FCC253C62984}
	EndGlobalSection
	GlobalSection(ExtensibilityGlobals) = postSolution
		SolutionGuid = {8042A11F-5493-4B3E-903F-6AF415D85D7E}
	EndGlobalSection
EndGlobal
